{
  "version": 4,
  "terraform_version": "0.12.24",
  "serial": 21,
  "lineage": "bfb99d63-1372-be5c-4d07-49d055a8af2e",
  "outputs": {
    "cluster-location": {
      "value": "us-central1-b",
      "type": "string"
    },
    "cluster-name": {
      "value": "kubernetes-bootcamp-cluster",
      "type": "string"
    }
  },
  "resources": [
    {
      "mode": "data",
      "type": "google_client_config",
      "name": "default",
      "provider": "provider.google",
      "instances": [
        {
          "schema_version": 0,
          "attributes": {
            "access_token": "ya29.a0AfH6SMBB-OTd_FMIbnCKPbphrGHarjL_ZvP59ZstVNB83lBbeE2TwcLrbZy8AAXwnaNUgtJ4nXHHGpCEJmyuegbEOsxmz5JVJM7sM23H8Uxj5fT_4lTbpiUSMIT95PGZnPWIzgihhj5npeX9GDnW_X2b43JckxVdjCqfbSpRSHQsCA8OQqzb_z3f6fxvv2_aW6KysURlsK36jd3DmhQ26-MLyDlW7oWZPgWeUezInUFlnWXnRdiBUg601qQxQ_iFZVrnjRY",
            "id": "projects/genuine-vent-308402/regions/us-central1/zones/us-central1-b",
            "project": "genuine-vent-308402",
            "region": "us-central1",
            "zone": "us-central1-b"
          }
        }
      ]
    },
    {
      "mode": "managed",
      "type": "google_container_cluster",
      "name": "gke-cluster",
      "provider": "provider.google",
      "instances": [
        {
          "schema_version": 1,
          "attributes": {
            "addons_config": [
              {
                "cloudrun_config": [],
                "horizontal_pod_autoscaling": [],
                "http_load_balancing": [],
                "network_policy_config": [
                  {
                    "disabled": true
                  }
                ]
              }
            ],
            "authenticator_groups_config": [],
            "cluster_autoscaling": [
              {
                "auto_provisioning_defaults": [],
                "enabled": false,
                "resource_limits": []
              }
            ],
            "cluster_ipv4_cidr": "10.76.0.0/14",
            "database_encryption": [
              {
                "key_name": "",
                "state": "DECRYPTED"
              }
            ],
            "datapath_provider": "",
            "default_max_pods_per_node": null,
            "default_snat_status": [
              {
                "disabled": false
              }
            ],
            "description": "",
            "enable_binary_authorization": false,
            "enable_intranode_visibility": false,
            "enable_kubernetes_alpha": false,
            "enable_legacy_abac": false,
            "enable_shielded_nodes": false,
            "enable_tpu": false,
            "endpoint": "35.239.240.41",
            "id": "projects/genuine-vent-308402/locations/us-central1-b/clusters/kubernetes-bootcamp-cluster",
            "initial_node_count": 1,
            "instance_group_urls": [
              "https://www.googleapis.com/compute/v1/projects/genuine-vent-308402/zones/us-central1-b/instanceGroups/gke-kubernetes-bootcamp--default-pool-c1b46a51-grp"
            ],
            "ip_allocation_policy": [],
            "label_fingerprint": "a9dc16a7",
            "location": "us-central1-b",
            "logging_service": "logging.googleapis.com/kubernetes",
            "maintenance_policy": [],
            "master_auth": [
              {
                "client_certificate": "",
                "client_certificate_config": [
                  {
                    "issue_client_certificate": false
                  }
                ],
                "client_key": "",
                "cluster_ca_certificate": "LS0tLS1CRUdJTiBDRVJUSUZJQ0FURS0tLS0tCk1JSURLakNDQWhLZ0F3SUJBZ0lRVUtacll2bEh5OUVCVTlvbmZQcW93ekFOQmdrcWhraUc5dzBCQVFzRkFEQXYKTVMwd0t3WURWUVFERXlRNE5HWmtOMkUxTXkwMU5tWmpMVFJtTURjdFlXSXlaaTFtWVdaa09XVTROelZtT1RFdwpIaGNOTWpFd05ERTBNVGd5T0RFeldoY05Nall3TkRFek1Ua3lPREV6V2pBdk1TMHdLd1lEVlFRREV5UTROR1prCk4yRTFNeTAxTm1aakxUUm1NRGN0WVdJeVppMW1ZV1prT1dVNE56Vm1PVEV3Z2dFaU1BMEdDU3FHU0liM0RRRUIKQVFVQUE0SUJEd0F3Z2dFS0FvSUJBUUM1Y1pUNjdUR0lQaU9MSVIrL1h3WW1rNmZ4OTV5cGtkVVcwbTBoRjVUTgp5d1ZDa2o0dlZtVFhWZ016aDNvWkptTGZXSnJpcTdVdkoxU056OTUwbGNTbU5SamNQeUk1ZXZuYTBQamZELzF3CmlIRXV2RHVxYjB6U21jZm9tbXU4QkJWclh6UW5oVGdrSWRqSDAwdmh2V1ZMU1RnaVZoRldNWHk1R1FwNFNuQXgKV2JuUkcveERvK3luVGxONnY1N1JXWVdwbm9vdG5TclV5RUdxNzlCa09OMTdZemVWK3FGck9vL3VxK1R2aG41eQoxUTRpZWNMWUtOQURWaFFVTlBHSTdxVGNleTRXWDNCZnI1VnhIalRCb2hXZGx4YzV0Z2VjWE5BS0ZLNzJYNjdnCk5lRlgxZHNWMW9ybnpGQ1RHS01XTTBxMzU0U0xXSFg4SmwzOWZIQ3k0VTNQQWdNQkFBR2pRakJBTUE0R0ExVWQKRHdFQi93UUVBd0lDQkRBUEJnTlZIUk1CQWY4RUJUQURBUUgvTUIwR0ExVWREZ1FXQkJUbUxKOEZacEZBTXBkRgpOOFFKdkZJbzhpQUpjREFOQmdrcWhraUc5dzBCQVFzRkFBT0NBUUVBUUdoRzFFL0RObnVUVW9ueENyM1RGYjhICkhRNmZjd3pKVEdDNjQ4QWxWSU9hUXlJd0J3QmtYamVRMTNQMjdEMGZDNWE2WUoyZ2UxR2pBazl3ZGw1THNzcDMKd2VZeGF0MFZsWHY5R010WDIwazFFY0ZkbzFqYVorY2dQUXoyUjc5aThOaThhWkxKS2czSUUrc0hvRitNNy9nKwp3NFVCWVRzUk5BajMzZmsxMGFTVTBjK2VrVVdyaDhEeEtCNmNWTVYyZSsrdXdlaUxOemRNc2p0UHRhQW1URU8yCk0xZFkzMkd0a2ZFWEpZWlFRY0xsMHpBZld1U0ZRcENGYW5DSmJLdmJNOGtqS2ZlTXVBcTJPUGxYUWtnSXkzRmsKc0c1OWVQVUplRktIb0l5b0pNdzdnRDZTUHo0NGRvK1lwRXlGY0EyWG4vRXRNbnJJN3JUUEt4eDRrcHNqMHc9PQotLS0tLUVORCBDRVJUSUZJQ0FURS0tLS0tCg==",
                "password": "",
                "username": ""
              }
            ],
            "master_authorized_networks_config": [],
            "master_version": "1.18.16-gke.502",
            "min_master_version": null,
            "monitoring_service": "monitoring.googleapis.com/kubernetes",
            "name": "kubernetes-bootcamp-cluster",
            "network": "projects/genuine-vent-308402/global/networks/default",
            "network_policy": [
              {
                "enabled": false,
                "provider": "PROVIDER_UNSPECIFIED"
              }
            ],
            "node_config": [
              {
                "disk_size_gb": 100,
                "disk_type": "pd-standard",
                "guest_accelerator": [],
                "image_type": "COS",
                "labels": {},
                "local_ssd_count": 0,
                "machine_type": "n1-standard-1",
                "metadata": {
                  "disable-legacy-endpoints": "true"
                },
                "min_cpu_platform": "",
                "oauth_scopes": [
                  "https://www.googleapis.com/auth/logging.write",
                  "https://www.googleapis.com/auth/monitoring"
                ],
                "preemptible": true,
                "service_account": "default",
                "shielded_instance_config": [
                  {
                    "enable_integrity_monitoring": true,
                    "enable_secure_boot": false
                  }
                ],
                "tags": null,
                "taint": [],
                "workload_metadata_config": []
              }
            ],
            "node_locations": [],
            "node_pool": [
              {
                "autoscaling": [],
                "initial_node_count": 1,
                "instance_group_urls": [
                  "https://www.googleapis.com/compute/v1/projects/genuine-vent-308402/zones/us-central1-b/instanceGroupManagers/gke-kubernetes-bootcamp--default-pool-c1b46a51-grp"
                ],
                "management": [
                  {
                    "auto_repair": true,
                    "auto_upgrade": true
                  }
                ],
                "max_pods_per_node": 0,
                "name": "default-pool",
                "name_prefix": "",
                "node_config": [
                  {
                    "disk_size_gb": 100,
                    "disk_type": "pd-standard",
                    "guest_accelerator": [],
                    "image_type": "COS",
                    "labels": {},
                    "local_ssd_count": 0,
                    "machine_type": "n1-standard-1",
                    "metadata": {
                      "disable-legacy-endpoints": "true"
                    },
                    "min_cpu_platform": "",
                    "oauth_scopes": [
                      "https://www.googleapis.com/auth/logging.write",
                      "https://www.googleapis.com/auth/monitoring"
                    ],
                    "preemptible": true,
                    "service_account": "default",
                    "shielded_instance_config": [
                      {
                        "enable_integrity_monitoring": true,
                        "enable_secure_boot": false
                      }
                    ],
                    "tags": [],
                    "taint": [],
                    "workload_metadata_config": []
                  }
                ],
                "node_count": 1,
                "node_locations": [
                  "us-central1-b"
                ],
                "upgrade_settings": [
                  {
                    "max_surge": 1,
                    "max_unavailable": 0
                  }
                ],
                "version": "1.18.16-gke.502"
              }
            ],
            "node_version": "1.18.16-gke.502",
            "operation": null,
            "pod_security_policy_config": [],
            "private_cluster_config": [],
            "project": "genuine-vent-308402",
            "release_channel": [
              {
                "channel": "REGULAR"
              }
            ],
            "remove_default_node_pool": null,
            "resource_labels": null,
            "resource_usage_export_config": [],
            "self_link": "https://container.googleapis.com/v1beta1/projects/genuine-vent-308402/zones/us-central1-b/clusters/kubernetes-bootcamp-cluster",
            "services_ipv4_cidr": "10.79.240.0/20",
            "subnetwork": "projects/genuine-vent-308402/regions/us-central1/subnetworks/default",
            "timeouts": null,
            "tpu_ipv4_cidr_block": "",
            "vertical_pod_autoscaling": [],
            "workload_identity_config": []
          },
          "private": "eyJlMmJmYjczMC1lY2FhLTExZTYtOGY4OC0zNDM2M2JjN2M0YzAiOnsiY3JlYXRlIjoyNDAwMDAwMDAwMDAwLCJkZWxldGUiOjI0MDAwMDAwMDAwMDAsInJlYWQiOjI0MDAwMDAwMDAwMDAsInVwZGF0ZSI6MzYwMDAwMDAwMDAwMH0sInNjaGVtYV92ZXJzaW9uIjoiMSJ9"
        }
      ]
    }
  ]
}
