{
  "version": 4,
  "terraform_version": "0.12.24",
  "serial": 46,
  "lineage": "bfb99d63-1372-be5c-4d07-49d055a8af2e",
  "outputs": {
    "cluster-location": {
      "value": "us-central1-b",
      "type": "string"
    },
    "cluster-name": {
      "value": "kubernetes-bootcamp-cluster",
      "type": "string"
    }
  },
  "resources": [
    {
      "mode": "data",
      "type": "google_client_config",
      "name": "default",
      "provider": "provider.google",
      "instances": [
        {
          "schema_version": 0,
          "attributes": {
            "access_token": "ya29.a0AfH6SMCxh0ReqwFE3yzdFdKzJeYzyvn3s0VRhLWJB9we_LIYIuO29bC-Qy6XnqcoyGq_ZX144zF6tKwMwSuKD8R_ufwkAE5YPMxVuVOekXUShEEwYG9nVZha5INoQ2cOmn3zJ4upvyYSGIYxPuqtzFHOVIzaauwvBrD7vMFct2GSjINpnfmNfQujqIJvIxBSo23wowt5vpthyLrGt9_Yk4Lgd0DSs1HdNjDZi2jTsuoBqDPrtpi3cOWBMbKYL6s_m5UUsEI",
            "id": "projects/genuine-vent-308402/regions/us-central1/zones/us-central1-b",
            "project": "genuine-vent-308402",
            "region": "us-central1",
            "zone": "us-central1-b"
          }
        }
      ]
    },
    {
      "mode": "managed",
      "type": "google_container_cluster",
      "name": "gke-cluster",
      "provider": "provider.google",
      "instances": [
        {
          "schema_version": 1,
          "attributes": {
            "addons_config": [
              {
                "cloudrun_config": [],
                "horizontal_pod_autoscaling": [],
                "http_load_balancing": [],
                "network_policy_config": [
                  {
                    "disabled": true
                  }
                ]
              }
            ],
            "authenticator_groups_config": [],
            "cluster_autoscaling": [
              {
                "auto_provisioning_defaults": [],
                "enabled": false,
                "resource_limits": []
              }
            ],
            "cluster_ipv4_cidr": "10.76.0.0/14",
            "database_encryption": [
              {
                "key_name": "",
                "state": "DECRYPTED"
              }
            ],
            "datapath_provider": "",
            "default_max_pods_per_node": null,
            "default_snat_status": [
              {
                "disabled": false
              }
            ],
            "description": "",
            "enable_binary_authorization": false,
            "enable_intranode_visibility": false,
            "enable_kubernetes_alpha": false,
            "enable_legacy_abac": false,
            "enable_shielded_nodes": false,
            "enable_tpu": false,
            "endpoint": "34.71.13.58",
            "id": "projects/genuine-vent-308402/locations/us-central1-b/clusters/kubernetes-bootcamp-cluster",
            "initial_node_count": 1,
            "instance_group_urls": [
              "https://www.googleapis.com/compute/v1/projects/genuine-vent-308402/zones/us-central1-b/instanceGroups/gke-kubernetes-bootcamp--default-pool-e159b426-grp"
            ],
            "ip_allocation_policy": [],
            "label_fingerprint": "a9dc16a7",
            "location": "us-central1-b",
            "logging_service": "logging.googleapis.com/kubernetes",
            "maintenance_policy": [],
            "master_auth": [
              {
                "client_certificate": "",
                "client_certificate_config": [
                  {
                    "issue_client_certificate": false
                  }
                ],
                "client_key": "",
                "cluster_ca_certificate": "LS0tLS1CRUdJTiBDRVJUSUZJQ0FURS0tLS0tCk1JSURLakNDQWhLZ0F3SUJBZ0lRUXNDVVBvMVhnU0hkeWx1WndtcXMyekFOQmdrcWhraUc5dzBCQVFzRkFEQXYKTVMwd0t3WURWUVFERXlRNU5HSTJNelZsWXkwd05qZ3lMVFJoTnpRdFlUaGxPUzB6WXpBek5EQm1abVZtT1RZdwpIaGNOTWpFd05ESXpNVFF6TnpVd1doY05Nall3TkRJeU1UVXpOelV3V2pBdk1TMHdLd1lEVlFRREV5UTVOR0kyCk16VmxZeTB3TmpneUxUUmhOelF0WVRobE9TMHpZekF6TkRCbVptVm1PVFl3Z2dFaU1BMEdDU3FHU0liM0RRRUIKQVFVQUE0SUJEd0F3Z2dFS0FvSUJBUUM4V2xoR2tiNTdGVjg3YWxOeHg5UGxKekpMVlVrSFhENmtZTWtIVkpJcQpVTElkV0xYRVhINkhSV0RnK2I3NmkrSllXVThza0FmOWpaL3p5c2ZJNFRpTUQ1ODFDN1JFYjdPVUlaSGVzdlgwCkdFb21uSzdWQzBjS2ExTTVXR0QrTUgxMTVsTmNXaUZDT0pkQWZIL20xV2RNRStWTDlYUk5CZ3Jja1BmZW9hTlEKSXc1clNwRWVVWEZBdGhIalpYVXQ2QzNneHFwWk5hb2xSVlVSYXFZVmRKSld0TGdHbnVOOWZiWEU1NHpMdUdRWgpEVDVvM2gxazNkMDBiL0JnZUZqQ3E3dlplbHpRanZGWG13ZTE3RlRyVEJYQUpLWlJ0U0xmdWxYRytUaEFWTFU3CksvL01QVVprbHlCUU8xcTM3NmkzZFRuZUxXbDNSeEhrMHQraE1tZUptdFhYQWdNQkFBR2pRakJBTUE0R0ExVWQKRHdFQi93UUVBd0lDQkRBUEJnTlZIUk1CQWY4RUJUQURBUUgvTUIwR0ExVWREZ1FXQkJURDA0V2Z4ajlDeVNNRAppUGsvaU9uOHlLVWk4akFOQmdrcWhraUc5dzBCQVFzRkFBT0NBUUVBYnZzT3dWQnJ2YjJJL1o5YjVPa0hjdnBSCnVLTmVRWWYxL1RaM2NIT1hsLzhIaUREckVBK3FVc0hFZGxhZDZsOEJZWGhjWE9JZHk5K1NLYUd6VEhaNEM2THYKOUhYWXJQOURVM1pGeWx4bmc3VktNM2lhb3FWM082QWV5U3VTS3JIZFJyREo4bTYwWERkMURqUDl3ZVIvMWhQSQprRVgwcTFTYzV4dDBxS1Z4bExZNU9IQXZTQ1VUeTBmNVh4OTJpZERtMWZBbE1zRXFHaS9FcXZzb1JMVnRoeW83ClVPQ0MzYWZpSHFFMGx3U21VakgwVmp4VnVtVld5dDhRK1lLUmJLUEJmQ0I3emp0Z1FDVHppdlR6NUN1WElFV08KYWZaQnR2TWI4Umx5WUsyZDlqWWxlRmFxUktMUVVaTllXRXlyZlIyaWJoZUVKM3RRNmZ4WWxTSnhTOENpQnc9PQotLS0tLUVORCBDRVJUSUZJQ0FURS0tLS0tCg==",
                "password": "",
                "username": ""
              }
            ],
            "master_authorized_networks_config": [],
            "master_version": "1.18.16-gke.502",
            "min_master_version": null,
            "monitoring_service": "monitoring.googleapis.com/kubernetes",
            "name": "kubernetes-bootcamp-cluster",
            "network": "projects/genuine-vent-308402/global/networks/default",
            "network_policy": [
              {
                "enabled": false,
                "provider": "PROVIDER_UNSPECIFIED"
              }
            ],
            "node_config": [
              {
                "disk_size_gb": 100,
                "disk_type": "pd-standard",
                "guest_accelerator": [],
                "image_type": "COS",
                "labels": {},
                "local_ssd_count": 0,
                "machine_type": "n1-standard-1",
                "metadata": {
                  "disable-legacy-endpoints": "true"
                },
                "min_cpu_platform": "",
                "oauth_scopes": [
                  "https://www.googleapis.com/auth/logging.write",
                  "https://www.googleapis.com/auth/monitoring"
                ],
                "preemptible": true,
                "service_account": "default",
                "shielded_instance_config": [
                  {
                    "enable_integrity_monitoring": true,
                    "enable_secure_boot": false
                  }
                ],
                "tags": null,
                "taint": [],
                "workload_metadata_config": []
              }
            ],
            "node_locations": [],
            "node_pool": [
              {
                "autoscaling": [],
                "initial_node_count": 1,
                "instance_group_urls": [
                  "https://www.googleapis.com/compute/v1/projects/genuine-vent-308402/zones/us-central1-b/instanceGroupManagers/gke-kubernetes-bootcamp--default-pool-e159b426-grp"
                ],
                "management": [
                  {
                    "auto_repair": true,
                    "auto_upgrade": true
                  }
                ],
                "max_pods_per_node": 0,
                "name": "default-pool",
                "name_prefix": "",
                "node_config": [
                  {
                    "disk_size_gb": 100,
                    "disk_type": "pd-standard",
                    "guest_accelerator": [],
                    "image_type": "COS",
                    "labels": {},
                    "local_ssd_count": 0,
                    "machine_type": "n1-standard-1",
                    "metadata": {
                      "disable-legacy-endpoints": "true"
                    },
                    "min_cpu_platform": "",
                    "oauth_scopes": [
                      "https://www.googleapis.com/auth/logging.write",
                      "https://www.googleapis.com/auth/monitoring"
                    ],
                    "preemptible": true,
                    "service_account": "default",
                    "shielded_instance_config": [
                      {
                        "enable_integrity_monitoring": true,
                        "enable_secure_boot": false
                      }
                    ],
                    "tags": [],
                    "taint": [],
                    "workload_metadata_config": []
                  }
                ],
                "node_count": 1,
                "node_locations": [
                  "us-central1-b"
                ],
                "upgrade_settings": [
                  {
                    "max_surge": 1,
                    "max_unavailable": 0
                  }
                ],
                "version": "1.18.16-gke.502"
              }
            ],
            "node_version": "1.18.16-gke.502",
            "operation": null,
            "pod_security_policy_config": [],
            "private_cluster_config": [],
            "project": "genuine-vent-308402",
            "release_channel": [
              {
                "channel": "REGULAR"
              }
            ],
            "remove_default_node_pool": null,
            "resource_labels": null,
            "resource_usage_export_config": [],
            "self_link": "https://container.googleapis.com/v1beta1/projects/genuine-vent-308402/zones/us-central1-b/clusters/kubernetes-bootcamp-cluster",
            "services_ipv4_cidr": "10.79.240.0/20",
            "subnetwork": "projects/genuine-vent-308402/regions/us-central1/subnetworks/default",
            "timeouts": null,
            "tpu_ipv4_cidr_block": "",
            "vertical_pod_autoscaling": [],
            "workload_identity_config": []
          },
          "private": "eyJlMmJmYjczMC1lY2FhLTExZTYtOGY4OC0zNDM2M2JjN2M0YzAiOnsiY3JlYXRlIjoyNDAwMDAwMDAwMDAwLCJkZWxldGUiOjI0MDAwMDAwMDAwMDAsInJlYWQiOjI0MDAwMDAwMDAwMDAsInVwZGF0ZSI6MzYwMDAwMDAwMDAwMH0sInNjaGVtYV92ZXJzaW9uIjoiMSJ9"
        }
      ]
    }
  ]
}
